
Microsoft Visual Studio Solution File, Format Version 12.00
# Visual Studio Version 16
VisualStudioVersion = 16.0.31321.278
MinimumVisualStudioVersion = 10.0.40219.1
Project("{FAE04EC0-301F-11D3-BF4B-00C04F79EFBC}") = "Tourism", "Tourism\Tourism.csproj", "{DD15E0ED-FD68-4657-A3EF-3AA1C7DAC480}"
EndProject
Global
	GlobalSection(SolutionConfigurationPlatforms) = preSolution
		Debug|Any CPU = Debug|Any CPU
		Release|Any CPU = Release|Any CPU
	EndGlobalSection
	GlobalSection(ProjectConfigurationPlatforms) = postSolution
		{DD15E0ED-FD68-4657-A3EF-3AA1C7DAC480}.Debug|Any CPU.ActiveCfg = Debug|Any CPU
		{DD15E0ED-FD68-4657-A3EF-3AA1C7DAC480}.Debug|Any CPU.Build.0 = Debug|Any CPU
		{DD15E0ED-FD68-4657-A3EF-3AA1C7DAC480}.Release|Any CPU.ActiveCfg = Release|Any CPU
		{DD15E0ED-FD68-4657-A3EF-3AA1C7DAC480}.Release|Any CPU.Build.0 = Release|Any CPU
	EndGlobalSection
	GlobalSection(SolutionProperties) = preSolution
		HideSolutionNode = FALSE
	EndGlobalSection
	GlobalSection(ExtensibilityGlobals) = postSolution
		SolutionGuid = {59F7D3ED-564A-435E-90D7-36D517F96364}
	EndGlobalSection
EndGlobal
